{
  "name": "hermitage_guide",
  "lockfileVersion": 2,
  "requires": true,
  "packages": {
    "": {
      "dependencies": {
        "@studio-freight/lenis": "^1.0.16"
      }
    },
    "node_modules/@studio-freight/lenis": {
      "version": "1.0.16",
      "resolved": "https://registry.npmjs.org/@studio-freight/lenis/-/lenis-1.0.16.tgz",
      "integrity": "sha512-OeCBCafpaIfqFov4of/+cArunTL6wuN8hQkx3w/yJTh9Y84O82Y7tZ1xvU/HlvH+1M/tpltruxpddaI7ydTrnQ=="
    }
  },
  "dependencies": {
    "@studio-freight/lenis": {
      "version": "1.0.16",
      "resolved": "https://registry.npmjs.org/@studio-freight/lenis/-/lenis-1.0.16.tgz",
      "integrity": "sha512-OeCBCafpaIfqFov4of/+cArunTL6wuN8hQkx3w/yJTh9Y84O82Y7tZ1xvU/HlvH+1M/tpltruxpddaI7ydTrnQ=="
    }
  }
}
